<?xml version="1.0" encoding="utf-8"?>
<Project ToolsVersion="4.0" xmlns="http://schemas.microsoft.com/developer/msbuild/2003">
  <ItemGroup>
    <Filter Include="externals">
      <UniqueIdentifier>{e1d24bce-281c-408e-a625-969739a93524}</UniqueIdentifier>
    </Filter>
    <Filter Include="headers">
      <UniqueIdentifier>{135d9c6a-3873-450a-a8a0-9428a4038185}</UniqueIdentifier>
    </Filter>
    <Filter Include="src">
      <UniqueIdentifier>{cd4ef768-1f5d-46ad-9373-b0017def064b}</UniqueIdentifier>
    </Filter>
  </ItemGroup>
  <ItemGroup>
    <ClInclude Include="$(MSBuildThisFileDirectory)vgentry.h">
      <Filter>headers</Filter>
    </ClInclude>
    <ClInclude Include="$(MSBuildThisFileDirectory)curve.h">
      <Filter>externals</Filter>
    </ClInclude>
    <ClInclude Include="$(MSBuildThisFileDirectory)bezier.h">
      <Filter>externals</Filter>
    </ClInclude>
    <ClInclude Include="$(MSBuildThisFileDirectory)spline.h">
      <Filter>externals</Filter>
    </ClInclude>
  </ItemGroup>
  <ItemGroup>
    <ClCompile Include="$(MSBuildThisFileDirectory)vgentry.c">
      <Filter>src</Filter>
    </ClCompile>
    <ClCompile Include="$(MSBuildThisFileDirectory)curve.c">
      <Filter>externals</Filter>
    </ClCompile>
    <ClCompile Include="$(MSBuildThisFileDirectory)bezier.c">
      <Filter>externals</Filter>
    </ClCompile>
    <ClCompile Include="$(MSBuildThisFileDirectory)spline.c">
      <Filter>externals</Filter>
    </ClCompile>
  </ItemGroup>
</Project>