<?xml version="1.0" encoding="utf-8"?>
<Project ToolsVersion="4.0" xmlns="http://schemas.microsoft.com/developer/msbuild/2003">
  <ItemGroup>
    <Filter Include="Source Files">
      <UniqueIdentifier>{4FC737F1-C7A5-4376-A066-2A32D752A2FF}</UniqueIdentifier>
      <Extensions>cpp;c;cc;cxx;def;odl;idl;hpj;bat;asm;asmx</Extensions>
    </Filter>
    <Filter Include="Header Files">
      <UniqueIdentifier>{93995380-89BD-4b04-88EB-625FBE52EBFB}</UniqueIdentifier>
      <Extensions>h;hh;hpp;hxx;hm;inl;inc;xsd</Extensions>
    </Filter>
    <Filter Include="Resource Files">
      <UniqueIdentifier>{67DA6AB6-F800-4c08-8B7A-83BB121AAD01}</UniqueIdentifier>
      <Extensions>rc;ico;cur;bmp;dlg;rc2;rct;bin;rgs;gif;jpg;jpeg;jpe;resx;tiff;tif;png;wav;mfcribbon-ms</Extensions>
    </Filter>
  </ItemGroup>
  <ItemGroup>
    <Text Include="ReadMe.txt" />
  </ItemGroup>
  <ItemGroup>
    <ClCompile Include="AABBox.cpp">
      <Filter>Source Files</Filter>
    </ClCompile>
    <ClCompile Include="Algorithm.cpp">
      <Filter>Source Files</Filter>
    </ClCompile>
    <ClCompile Include="Applet.cpp">
      <Filter>Source Files</Filter>
    </ClCompile>
    <ClCompile Include="Button.cpp">
      <Filter>Source Files</Filter>
    </ClCompile>
    <ClCompile Include="Camera.cpp">
      <Filter>Source Files</Filter>
    </ClCompile>
    <ClCompile Include="CartoonBox.cpp">
      <Filter>Source Files</Filter>
    </ClCompile>
    <ClCompile Include="CFGFile.cpp">
      <Filter>Source Files</Filter>
    </ClCompile>
    <ClCompile Include="Color.cpp">
      <Filter>Source Files</Filter>
    </ClCompile>
    <ClCompile Include="ConditionVariable.cpp">
      <Filter>Source Files</Filter>
    </ClCompile>
    <ClCompile Include="CoreProfile.cpp">
      <Filter>Source Files</Filter>
    </ClCompile>
    <ClCompile Include="Device.cpp">
      <Filter>Source Files</Filter>
    </ClCompile>
    <ClCompile Include="Dialog.cpp">
      <Filter>Source Files</Filter>
    </ClCompile>
    <ClCompile Include="DragDropSlot.cpp">
      <Filter>Source Files</Filter>
    </ClCompile>
    <ClCompile Include="EditBox.cpp">
      <Filter>Source Files</Filter>
    </ClCompile>
    <ClCompile Include="FileMgr.cpp">
      <Filter>Source Files</Filter>
    </ClCompile>
    <ClCompile Include="Float2.cpp">
      <Filter>Source Files</Filter>
    </ClCompile>
    <ClCompile Include="Float3.cpp">
      <Filter>Source Files</Filter>
    </ClCompile>
    <ClCompile Include="Font.cpp">
      <Filter>Source Files</Filter>
    </ClCompile>
    <ClCompile Include="FrameBuffer.cpp">
      <Filter>Source Files</Filter>
    </ClCompile>
    <ClCompile Include="GeometryBuffer.cpp">
      <Filter>Source Files</Filter>
    </ClCompile>
    <ClCompile Include="InputMgr.cpp">
      <Filter>Source Files</Filter>
    </ClCompile>
    <ClCompile Include="Interface.cpp">
      <Filter>Source Files</Filter>
    </ClCompile>
    <ClCompile Include="Label.cpp">
      <Filter>Source Files</Filter>
    </ClCompile>
    <ClCompile Include="ListBox.cpp">
      <Filter>Source Files</Filter>
    </ClCompile>
    <ClCompile Include="ManagedRes.cpp">
      <Filter>Source Files</Filter>
    </ClCompile>
    <ClCompile Include="ManualLoader.cpp">
      <Filter>Source Files</Filter>
    </ClCompile>
    <ClCompile Include="Matrix4.cpp">
      <Filter>Source Files</Filter>
    </ClCompile>
    <ClCompile Include="MemPool.cpp">
      <Filter>Source Files</Filter>
    </ClCompile>
    <ClCompile Include="Menu.cpp">
      <Filter>Source Files</Filter>
    </ClCompile>
    <ClCompile Include="Mutex.cpp">
      <Filter>Source Files</Filter>
    </ClCompile>
    <ClCompile Include="NameGen.cpp">
      <Filter>Source Files</Filter>
    </ClCompile>
    <ClCompile Include="Pass.cpp">
      <Filter>Source Files</Filter>
    </ClCompile>
    <ClCompile Include="Plane.cpp">
      <Filter>Source Files</Filter>
    </ClCompile>
    <ClCompile Include="ProgressBar.cpp">
      <Filter>Source Files</Filter>
    </ClCompile>
    <ClCompile Include="Quaternion.cpp">
      <Filter>Source Files</Filter>
    </ClCompile>
    <ClCompile Include="Radio.cpp">
      <Filter>Source Files</Filter>
    </ClCompile>
    <ClCompile Include="Rectangle.cpp">
      <Filter>Source Files</Filter>
    </ClCompile>
    <ClCompile Include="ResMgr.cpp">
      <Filter>Source Files</Filter>
    </ClCompile>
    <ClCompile Include="RichBox.cpp">
      <Filter>Source Files</Filter>
    </ClCompile>
    <ClCompile Include="ScrollBox.cpp">
      <Filter>Source Files</Filter>
    </ClCompile>
    <ClCompile Include="Shader.cpp">
      <Filter>Source Files</Filter>
    </ClCompile>
    <ClCompile Include="Skin.cpp">
      <Filter>Source Files</Filter>
    </ClCompile>
    <ClCompile Include="Slider.cpp">
      <Filter>Source Files</Filter>
    </ClCompile>
    <ClCompile Include="Str.cpp">
      <Filter>Source Files</Filter>
    </ClCompile>
    <ClCompile Include="Stream.cpp">
      <Filter>Source Files</Filter>
    </ClCompile>
    <ClCompile Include="System.cpp">
      <Filter>Source Files</Filter>
    </ClCompile>
    <ClCompile Include="TabCtl.cpp">
      <Filter>Source Files</Filter>
    </ClCompile>
    <ClCompile Include="TableBox.cpp">
      <Filter>Source Files</Filter>
    </ClCompile>
    <ClCompile Include="Technique.cpp">
      <Filter>Source Files</Filter>
    </ClCompile>
    <ClCompile Include="Texture.cpp">
      <Filter>Source Files</Filter>
    </ClCompile>
    <ClCompile Include="Thread.cpp">
      <Filter>Source Files</Filter>
    </ClCompile>
    <ClCompile Include="Tools.cpp">
      <Filter>Source Files</Filter>
    </ClCompile>
    <ClCompile Include="TreeBox.cpp">
      <Filter>Source Files</Filter>
    </ClCompile>
    <ClCompile Include="UIMgr.cpp">
      <Filter>Source Files</Filter>
    </ClCompile>
    <ClCompile Include="Widget.cpp">
      <Filter>Source Files</Filter>
    </ClCompile>
    <ClCompile Include="Win32Window.cpp">
      <Filter>Source Files</Filter>
    </ClCompile>
    <ClCompile Include="Window.cpp">
      <Filter>Source Files</Filter>
    </ClCompile>
    <ClCompile Include="XmlReader.cpp">
      <Filter>Source Files</Filter>
    </ClCompile>
    <ClCompile Include="Freetype2\src\autofit\autofit.c">
      <Filter>Resource Files</Filter>
    </ClCompile>
    <ClCompile Include="Freetype2\src\bdf\bdf.c">
      <Filter>Resource Files</Filter>
    </ClCompile>
    <ClCompile Include="Freetype2\src\cff\cff.c">
      <Filter>Resource Files</Filter>
    </ClCompile>
    <ClCompile Include="Freetype2\src\base\ftbase.c">
      <Filter>Resource Files</Filter>
    </ClCompile>
    <ClCompile Include="Freetype2\src\base\ftbitmap.c">
      <Filter>Resource Files</Filter>
    </ClCompile>
    <ClCompile Include="Freetype2\src\cache\ftcache.c">
      <Filter>Resource Files</Filter>
    </ClCompile>
    <ClCompile Include="Freetype2\src\base\ftdebug.c">
      <Filter>Resource Files</Filter>
    </ClCompile>
    <ClCompile Include="Freetype2\src\base\ftfstype.c">
      <Filter>Resource Files</Filter>
    </ClCompile>
    <ClCompile Include="Freetype2\src\base\ftgasp.c">
      <Filter>Resource Files</Filter>
    </ClCompile>
    <ClCompile Include="Freetype2\src\base\ftglyph.c">
      <Filter>Resource Files</Filter>
    </ClCompile>
    <ClCompile Include="Freetype2\src\gzip\ftgzip.c">
      <Filter>Resource Files</Filter>
    </ClCompile>
    <ClCompile Include="Freetype2\src\base\ftinit.c">
      <Filter>Resource Files</Filter>
    </ClCompile>
    <ClCompile Include="Freetype2\src\lzw\ftlzw.c">
      <Filter>Resource Files</Filter>
    </ClCompile>
    <ClCompile Include="Freetype2\src\base\ftstroke.c">
      <Filter>Resource Files</Filter>
    </ClCompile>
    <ClCompile Include="Freetype2\src\base\ftsystem.c">
      <Filter>Resource Files</Filter>
    </ClCompile>
    <ClCompile Include="Freetype2\src\smooth\smooth.c">
      <Filter>Resource Files</Filter>
    </ClCompile>
    <ClCompile Include="Freetype2\src\base\ftbbox.c">
      <Filter>Resource Files</Filter>
    </ClCompile>
    <ClCompile Include="Freetype2\src\base\ftgxval.c">
      <Filter>Resource Files</Filter>
    </ClCompile>
    <ClCompile Include="Freetype2\src\base\ftlcdfil.c">
      <Filter>Resource Files</Filter>
    </ClCompile>
    <ClCompile Include="Freetype2\src\base\ftmm.c">
      <Filter>Resource Files</Filter>
    </ClCompile>
    <ClCompile Include="Freetype2\src\base\ftotval.c">
      <Filter>Resource Files</Filter>
    </ClCompile>
    <ClCompile Include="Freetype2\src\base\ftpatent.c">
      <Filter>Resource Files</Filter>
    </ClCompile>
    <ClCompile Include="Freetype2\src\base\ftpfr.c">
      <Filter>Resource Files</Filter>
    </ClCompile>
    <ClCompile Include="Freetype2\src\base\ftsynth.c">
      <Filter>Resource Files</Filter>
    </ClCompile>
    <ClCompile Include="Freetype2\src\base\fttype1.c">
      <Filter>Resource Files</Filter>
    </ClCompile>
    <ClCompile Include="Freetype2\src\base\ftwinfnt.c">
      <Filter>Resource Files</Filter>
    </ClCompile>
    <ClCompile Include="Freetype2\src\pcf\pcf.c">
      <Filter>Resource Files</Filter>
    </ClCompile>
    <ClCompile Include="Freetype2\src\pfr\pfr.c">
      <Filter>Resource Files</Filter>
    </ClCompile>
    <ClCompile Include="Freetype2\src\psaux\psaux.c">
      <Filter>Resource Files</Filter>
    </ClCompile>
    <ClCompile Include="Freetype2\src\pshinter\pshinter.c">
      <Filter>Resource Files</Filter>
    </ClCompile>
    <ClCompile Include="Freetype2\src\psnames\psmodule.c">
      <Filter>Resource Files</Filter>
    </ClCompile>
    <ClCompile Include="Freetype2\src\raster\raster.c">
      <Filter>Resource Files</Filter>
    </ClCompile>
    <ClCompile Include="Freetype2\src\sfnt\sfnt.c">
      <Filter>Resource Files</Filter>
    </ClCompile>
    <ClCompile Include="Freetype2\src\truetype\truetype.c">
      <Filter>Resource Files</Filter>
    </ClCompile>
    <ClCompile Include="Freetype2\src\type1\type1.c">
      <Filter>Resource Files</Filter>
    </ClCompile>
    <ClCompile Include="Freetype2\src\cid\type1cid.c">
      <Filter>Resource Files</Filter>
    </ClCompile>
    <ClCompile Include="Freetype2\src\type42\type42.c">
      <Filter>Resource Files</Filter>
    </ClCompile>
    <ClCompile Include="Freetype2\src\winfonts\winfnt.c">
      <Filter>Resource Files</Filter>
    </ClCompile>
    <ClCompile Include="Freetype2\src\base\ftfntfmt.c">
      <Filter>Resource Files</Filter>
    </ClCompile>
  </ItemGroup>
  <ItemGroup>
    <ClInclude Include="AABBox.h">
      <Filter>Header Files</Filter>
    </ClInclude>
    <ClInclude Include="Algorithm.h">
      <Filter>Header Files</Filter>
    </ClInclude>
    <ClInclude Include="Applet.h">
      <Filter>Header Files</Filter>
    </ClInclude>
    <ClInclude Include="Button.h">
      <Filter>Header Files</Filter>
    </ClInclude>
    <ClInclude Include="Camera.h">
      <Filter>Header Files</Filter>
    </ClInclude>
    <ClInclude Include="CartoonBox.h">
      <Filter>Header Files</Filter>
    </ClInclude>
    <ClInclude Include="CFGFile.h">
      <Filter>Header Files</Filter>
    </ClInclude>
    <ClInclude Include="Color.h">
      <Filter>Header Files</Filter>
    </ClInclude>
    <ClInclude Include="ConditionVariable.h">
      <Filter>Header Files</Filter>
    </ClInclude>
    <ClInclude Include="CoreProfile.h">
      <Filter>Header Files</Filter>
    </ClInclude>
    <ClInclude Include="Device.h">
      <Filter>Header Files</Filter>
    </ClInclude>
    <ClInclude Include="Dialog.h">
      <Filter>Header Files</Filter>
    </ClInclude>
    <ClInclude Include="DragDropSlot.h">
      <Filter>Header Files</Filter>
    </ClInclude>
    <ClInclude Include="EditBox.h">
      <Filter>Header Files</Filter>
    </ClInclude>
    <ClInclude Include="FileMgr.h">
      <Filter>Header Files</Filter>
    </ClInclude>
    <ClInclude Include="Float2.h">
      <Filter>Header Files</Filter>
    </ClInclude>
    <ClInclude Include="Float3.h">
      <Filter>Header Files</Filter>
    </ClInclude>
    <ClInclude Include="Font.h">
      <Filter>Header Files</Filter>
    </ClInclude>
    <ClInclude Include="FrameBuffer.h">
      <Filter>Header Files</Filter>
    </ClInclude>
    <ClInclude Include="Frustum.h">
      <Filter>Header Files</Filter>
    </ClInclude>
    <ClInclude Include="GeometryBuffer.h">
      <Filter>Header Files</Filter>
    </ClInclude>
    <ClInclude Include="InputMgr.h">
      <Filter>Header Files</Filter>
    </ClInclude>
    <ClInclude Include="Interface.h">
      <Filter>Header Files</Filter>
    </ClInclude>
    <ClInclude Include="Label.h">
      <Filter>Header Files</Filter>
    </ClInclude>
    <ClInclude Include="List.h">
      <Filter>Header Files</Filter>
    </ClInclude>
    <ClInclude Include="ListBox.h">
      <Filter>Header Files</Filter>
    </ClInclude>
    <ClInclude Include="Macro.h">
      <Filter>Header Files</Filter>
    </ClInclude>
    <ClInclude Include="ManagedRes.h">
      <Filter>Header Files</Filter>
    </ClInclude>
    <ClInclude Include="ManualLoader.h">
      <Filter>Header Files</Filter>
    </ClInclude>
    <ClInclude Include="Map.h">
      <Filter>Header Files</Filter>
    </ClInclude>
    <ClInclude Include="Mapping.h">
      <Filter>Header Files</Filter>
    </ClInclude>
    <ClInclude Include="Matrix4.h">
      <Filter>Header Files</Filter>
    </ClInclude>
    <ClInclude Include="MemPool.h">
      <Filter>Header Files</Filter>
    </ClInclude>
    <ClInclude Include="Menu.h">
      <Filter>Header Files</Filter>
    </ClInclude>
    <ClInclude Include="Mutex.h">
      <Filter>Header Files</Filter>
    </ClInclude>
    <ClInclude Include="NameGen.h">
      <Filter>Header Files</Filter>
    </ClInclude>
    <ClInclude Include="Pass.h">
      <Filter>Header Files</Filter>
    </ClInclude>
    <ClInclude Include="Plane.h">
      <Filter>Header Files</Filter>
    </ClInclude>
    <ClInclude Include="Prerequisites.h">
      <Filter>Header Files</Filter>
    </ClInclude>
    <ClInclude Include="ProgressBar.h">
      <Filter>Header Files</Filter>
    </ClInclude>
    <ClInclude Include="Quaternion.h">
      <Filter>Header Files</Filter>
    </ClInclude>
    <ClInclude Include="Radio.h">
      <Filter>Header Files</Filter>
    </ClInclude>
    <ClInclude Include="Rectangle.h">
      <Filter>Header Files</Filter>
    </ClInclude>
    <ClInclude Include="ResMgr.h">
      <Filter>Header Files</Filter>
    </ClInclude>
    <ClInclude Include="RichBox.h">
      <Filter>Header Files</Filter>
    </ClInclude>
    <ClInclude Include="SafeList.h">
      <Filter>Header Files</Filter>
    </ClInclude>
    <ClInclude Include="SafeMap.h">
      <Filter>Header Files</Filter>
    </ClInclude>
    <ClInclude Include="SafeVector.h">
      <Filter>Header Files</Filter>
    </ClInclude>
    <ClInclude Include="ScrollBox.h">
      <Filter>Header Files</Filter>
    </ClInclude>
    <ClInclude Include="Shader.h">
      <Filter>Header Files</Filter>
    </ClInclude>
    <ClInclude Include="Signals.h">
      <Filter>Header Files</Filter>
    </ClInclude>
    <ClInclude Include="Singleton.h">
      <Filter>Header Files</Filter>
    </ClInclude>
    <ClInclude Include="Skin.h">
      <Filter>Header Files</Filter>
    </ClInclude>
    <ClInclude Include="Slider.h">
      <Filter>Header Files</Filter>
    </ClInclude>
    <ClInclude Include="Str.h">
      <Filter>Header Files</Filter>
    </ClInclude>
    <ClInclude Include="Stream.h">
      <Filter>Header Files</Filter>
    </ClInclude>
    <ClInclude Include="System.h">
      <Filter>Header Files</Filter>
    </ClInclude>
    <ClInclude Include="TabCtl.h">
      <Filter>Header Files</Filter>
    </ClInclude>
    <ClInclude Include="TableBox.h">
      <Filter>Header Files</Filter>
    </ClInclude>
    <ClInclude Include="Technique.h">
      <Filter>Header Files</Filter>
    </ClInclude>
    <ClInclude Include="Texture.h">
      <Filter>Header Files</Filter>
    </ClInclude>
    <ClInclude Include="Thread.h">
      <Filter>Header Files</Filter>
    </ClInclude>
    <ClInclude Include="Tools.h">
      <Filter>Header Files</Filter>
    </ClInclude>
    <ClInclude Include="TreeBox.h">
      <Filter>Header Files</Filter>
    </ClInclude>
    <ClInclude Include="UIMgr.h">
      <Filter>Header Files</Filter>
    </ClInclude>
    <ClInclude Include="Vector.h">
      <Filter>Header Files</Filter>
    </ClInclude>
    <ClInclude Include="Widget.h">
      <Filter>Header Files</Filter>
    </ClInclude>
    <ClInclude Include="Win32Window.h">
      <Filter>Header Files</Filter>
    </ClInclude>
    <ClInclude Include="Window.h">
      <Filter>Header Files</Filter>
    </ClInclude>
    <ClInclude Include="XmlReader.h">
      <Filter>Header Files</Filter>
    </ClInclude>
    <ClInclude Include="Freetype2\include\ft2build.h">
      <Filter>Resource Files</Filter>
    </ClInclude>
    <ClInclude Include="Freetype2\include\freetype\config\ftconfig.h">
      <Filter>Resource Files</Filter>
    </ClInclude>
    <ClInclude Include="Freetype2\include\freetype\config\ftheader.h">
      <Filter>Resource Files</Filter>
    </ClInclude>
    <ClInclude Include="Freetype2\include\freetype\config\ftmodule.h">
      <Filter>Resource Files</Filter>
    </ClInclude>
    <ClInclude Include="Freetype2\include\freetype\config\ftoption.h">
      <Filter>Resource Files</Filter>
    </ClInclude>
    <ClInclude Include="Freetype2\include\freetype\config\ftstdlib.h">
      <Filter>Resource Files</Filter>
    </ClInclude>
  </ItemGroup>
</Project>