<?xml version="1.0" encoding="utf-8"?>
<Project ToolsVersion="4.0" xmlns="http://schemas.microsoft.com/developer/msbuild/2003">
  <ItemGroup>
    <Filter Include="externals">
      <UniqueIdentifier>{3e0f3303-c92b-4655-ab8a-a149cce12575}</UniqueIdentifier>
    </Filter>
    <Filter Include="headers">
      <UniqueIdentifier>{72a919da-1927-46af-a482-b93ef24c6a2a}</UniqueIdentifier>
    </Filter>
    <Filter Include="src">
      <UniqueIdentifier>{e31d465d-c0f8-4acc-877f-717f4884a1e3}</UniqueIdentifier>
    </Filter>
  </ItemGroup>
  <ItemGroup>
    <ClCompile Include="$(MSBuildThisFileDirectory)spineentry.c">
      <Filter>src</Filter>
    </ClCompile>
    <ClCompile Include="$(MSBuildThisFileDirectory)spine\Animation.c">
      <Filter>externals</Filter>
    </ClCompile>
    <ClCompile Include="$(MSBuildThisFileDirectory)spine\AnimationState.c">
      <Filter>externals</Filter>
    </ClCompile>
    <ClCompile Include="$(MSBuildThisFileDirectory)spine\AnimationStateData.c">
      <Filter>externals</Filter>
    </ClCompile>
    <ClCompile Include="$(MSBuildThisFileDirectory)spine\Array.c">
      <Filter>externals</Filter>
    </ClCompile>
    <ClCompile Include="$(MSBuildThisFileDirectory)spine\Atlas.c">
      <Filter>externals</Filter>
    </ClCompile>
    <ClCompile Include="$(MSBuildThisFileDirectory)spine\AtlasAttachmentLoader.c">
      <Filter>externals</Filter>
    </ClCompile>
    <ClCompile Include="$(MSBuildThisFileDirectory)spine\Attachment.c">
      <Filter>externals</Filter>
    </ClCompile>
    <ClCompile Include="$(MSBuildThisFileDirectory)spine\AttachmentLoader.c">
      <Filter>externals</Filter>
    </ClCompile>
    <ClCompile Include="$(MSBuildThisFileDirectory)spine\Bone.c">
      <Filter>externals</Filter>
    </ClCompile>
    <ClCompile Include="$(MSBuildThisFileDirectory)spine\BoneData.c">
      <Filter>externals</Filter>
    </ClCompile>
    <ClCompile Include="$(MSBuildThisFileDirectory)spine\BoundingBoxAttachment.c">
      <Filter>externals</Filter>
    </ClCompile>
    <ClCompile Include="$(MSBuildThisFileDirectory)spine\ClippingAttachment.c">
      <Filter>externals</Filter>
    </ClCompile>
    <ClCompile Include="$(MSBuildThisFileDirectory)spine\Color.c">
      <Filter>externals</Filter>
    </ClCompile>
    <ClCompile Include="$(MSBuildThisFileDirectory)spine\Event.c">
      <Filter>externals</Filter>
    </ClCompile>
    <ClCompile Include="$(MSBuildThisFileDirectory)spine\EventData.c">
      <Filter>externals</Filter>
    </ClCompile>
    <ClCompile Include="$(MSBuildThisFileDirectory)spine\extension.c">
      <Filter>externals</Filter>
    </ClCompile>
    <ClCompile Include="$(MSBuildThisFileDirectory)spine\IkConstraint.c">
      <Filter>externals</Filter>
    </ClCompile>
    <ClCompile Include="$(MSBuildThisFileDirectory)spine\IkConstraintData.c">
      <Filter>externals</Filter>
    </ClCompile>
    <ClCompile Include="$(MSBuildThisFileDirectory)spine\Json.c">
      <Filter>externals</Filter>
    </ClCompile>
    <ClCompile Include="$(MSBuildThisFileDirectory)spine\MeshAttachment.c">
      <Filter>externals</Filter>
    </ClCompile>
    <ClCompile Include="$(MSBuildThisFileDirectory)spine\PathAttachment.c">
      <Filter>externals</Filter>
    </ClCompile>
    <ClCompile Include="$(MSBuildThisFileDirectory)spine\PathConstraint.c">
      <Filter>externals</Filter>
    </ClCompile>
    <ClCompile Include="$(MSBuildThisFileDirectory)spine\PathConstraintData.c">
      <Filter>externals</Filter>
    </ClCompile>
    <ClCompile Include="$(MSBuildThisFileDirectory)spine\PointAttachment.c">
      <Filter>externals</Filter>
    </ClCompile>
    <ClCompile Include="$(MSBuildThisFileDirectory)spine\RegionAttachment.c">
      <Filter>externals</Filter>
    </ClCompile>
    <ClCompile Include="$(MSBuildThisFileDirectory)spine\Skeleton.c">
      <Filter>externals</Filter>
    </ClCompile>
    <ClCompile Include="$(MSBuildThisFileDirectory)spine\SkeletonBinary.c">
      <Filter>externals</Filter>
    </ClCompile>
    <ClCompile Include="$(MSBuildThisFileDirectory)spine\SkeletonBounds.c">
      <Filter>externals</Filter>
    </ClCompile>
    <ClCompile Include="$(MSBuildThisFileDirectory)spine\SkeletonClipping.c">
      <Filter>externals</Filter>
    </ClCompile>
    <ClCompile Include="$(MSBuildThisFileDirectory)spine\SkeletonData.c">
      <Filter>externals</Filter>
    </ClCompile>
    <ClCompile Include="$(MSBuildThisFileDirectory)spine\SkeletonJson.c">
      <Filter>externals</Filter>
    </ClCompile>
    <ClCompile Include="$(MSBuildThisFileDirectory)spine\Skin.c">
      <Filter>externals</Filter>
    </ClCompile>
    <ClCompile Include="$(MSBuildThisFileDirectory)spine\Slot.c">
      <Filter>externals</Filter>
    </ClCompile>
    <ClCompile Include="$(MSBuildThisFileDirectory)spine\SlotData.c">
      <Filter>externals</Filter>
    </ClCompile>
    <ClCompile Include="$(MSBuildThisFileDirectory)spine\TransformConstraint.c">
      <Filter>externals</Filter>
    </ClCompile>
    <ClCompile Include="$(MSBuildThisFileDirectory)spine\TransformConstraintData.c">
      <Filter>externals</Filter>
    </ClCompile>
    <ClCompile Include="$(MSBuildThisFileDirectory)spine\Triangulator.c">
      <Filter>externals</Filter>
    </ClCompile>
    <ClCompile Include="$(MSBuildThisFileDirectory)spine\VertexAttachment.c">
      <Filter>externals</Filter>
    </ClCompile>
    <ClCompile Include="$(MSBuildThisFileDirectory)spine\VertexEffect.c">
      <Filter>externals</Filter>
    </ClCompile>
  </ItemGroup>
  <ItemGroup>
    <ClInclude Include="$(MSBuildThisFileDirectory)spineentry.h">
      <Filter>headers</Filter>
    </ClInclude>
    <ClInclude Include="$(MSBuildThisFileDirectory)spine\Json.h">
      <Filter>externals</Filter>
    </ClInclude>
    <ClInclude Include="$(MSBuildThisFileDirectory)spine\Animation.h">
      <Filter>externals</Filter>
    </ClInclude>
    <ClInclude Include="$(MSBuildThisFileDirectory)spine\AnimationState.h">
      <Filter>externals</Filter>
    </ClInclude>
    <ClInclude Include="$(MSBuildThisFileDirectory)spine\AnimationStateData.h">
      <Filter>externals</Filter>
    </ClInclude>
    <ClInclude Include="$(MSBuildThisFileDirectory)spine\Array.h">
      <Filter>externals</Filter>
    </ClInclude>
    <ClInclude Include="$(MSBuildThisFileDirectory)spine\Atlas.h">
      <Filter>externals</Filter>
    </ClInclude>
    <ClInclude Include="$(MSBuildThisFileDirectory)spine\AtlasAttachmentLoader.h">
      <Filter>externals</Filter>
    </ClInclude>
    <ClInclude Include="$(MSBuildThisFileDirectory)spine\Attachment.h">
      <Filter>externals</Filter>
    </ClInclude>
    <ClInclude Include="$(MSBuildThisFileDirectory)spine\AttachmentLoader.h">
      <Filter>externals</Filter>
    </ClInclude>
    <ClInclude Include="$(MSBuildThisFileDirectory)spine\Bone.h">
      <Filter>externals</Filter>
    </ClInclude>
    <ClInclude Include="$(MSBuildThisFileDirectory)spine\BoneData.h">
      <Filter>externals</Filter>
    </ClInclude>
    <ClInclude Include="$(MSBuildThisFileDirectory)spine\BoundingBoxAttachment.h">
      <Filter>externals</Filter>
    </ClInclude>
    <ClInclude Include="$(MSBuildThisFileDirectory)spine\ClippingAttachment.h">
      <Filter>externals</Filter>
    </ClInclude>
    <ClInclude Include="$(MSBuildThisFileDirectory)spine\Color.h">
      <Filter>externals</Filter>
    </ClInclude>
    <ClInclude Include="$(MSBuildThisFileDirectory)spine\dll.h">
      <Filter>externals</Filter>
    </ClInclude>
    <ClInclude Include="$(MSBuildThisFileDirectory)spine\Event.h">
      <Filter>externals</Filter>
    </ClInclude>
    <ClInclude Include="$(MSBuildThisFileDirectory)spine\EventData.h">
      <Filter>externals</Filter>
    </ClInclude>
    <ClInclude Include="$(MSBuildThisFileDirectory)spine\extension.h">
      <Filter>externals</Filter>
    </ClInclude>
    <ClInclude Include="$(MSBuildThisFileDirectory)spine\IkConstraint.h">
      <Filter>externals</Filter>
    </ClInclude>
    <ClInclude Include="$(MSBuildThisFileDirectory)spine\IkConstraintData.h">
      <Filter>externals</Filter>
    </ClInclude>
    <ClInclude Include="$(MSBuildThisFileDirectory)spine\MeshAttachment.h">
      <Filter>externals</Filter>
    </ClInclude>
    <ClInclude Include="$(MSBuildThisFileDirectory)spine\PathAttachment.h">
      <Filter>externals</Filter>
    </ClInclude>
    <ClInclude Include="$(MSBuildThisFileDirectory)spine\PathConstraint.h">
      <Filter>externals</Filter>
    </ClInclude>
    <ClInclude Include="$(MSBuildThisFileDirectory)spine\PathConstraintData.h">
      <Filter>externals</Filter>
    </ClInclude>
    <ClInclude Include="$(MSBuildThisFileDirectory)spine\PointAttachment.h">
      <Filter>externals</Filter>
    </ClInclude>
    <ClInclude Include="$(MSBuildThisFileDirectory)spine\RegionAttachment.h">
      <Filter>externals</Filter>
    </ClInclude>
    <ClInclude Include="$(MSBuildThisFileDirectory)spine\Skeleton.h">
      <Filter>externals</Filter>
    </ClInclude>
    <ClInclude Include="$(MSBuildThisFileDirectory)spine\SkeletonBinary.h">
      <Filter>externals</Filter>
    </ClInclude>
    <ClInclude Include="$(MSBuildThisFileDirectory)spine\SkeletonBounds.h">
      <Filter>externals</Filter>
    </ClInclude>
    <ClInclude Include="$(MSBuildThisFileDirectory)spine\SkeletonClipping.h">
      <Filter>externals</Filter>
    </ClInclude>
    <ClInclude Include="$(MSBuildThisFileDirectory)spine\SkeletonData.h">
      <Filter>externals</Filter>
    </ClInclude>
    <ClInclude Include="$(MSBuildThisFileDirectory)spine\SkeletonJson.h">
      <Filter>externals</Filter>
    </ClInclude>
    <ClInclude Include="$(MSBuildThisFileDirectory)spine\Skin.h">
      <Filter>externals</Filter>
    </ClInclude>
    <ClInclude Include="$(MSBuildThisFileDirectory)spine\Slot.h">
      <Filter>externals</Filter>
    </ClInclude>
    <ClInclude Include="$(MSBuildThisFileDirectory)spine\SlotData.h">
      <Filter>externals</Filter>
    </ClInclude>
    <ClInclude Include="$(MSBuildThisFileDirectory)spine\spine.h">
      <Filter>externals</Filter>
    </ClInclude>
    <ClInclude Include="$(MSBuildThisFileDirectory)spine\TransformConstraint.h">
      <Filter>externals</Filter>
    </ClInclude>
    <ClInclude Include="$(MSBuildThisFileDirectory)spine\TransformConstraintData.h">
      <Filter>externals</Filter>
    </ClInclude>
    <ClInclude Include="$(MSBuildThisFileDirectory)spine\Triangulator.h">
      <Filter>externals</Filter>
    </ClInclude>
    <ClInclude Include="$(MSBuildThisFileDirectory)spine\VertexAttachment.h">
      <Filter>externals</Filter>
    </ClInclude>
    <ClInclude Include="$(MSBuildThisFileDirectory)spine\VertexEffect.h">
      <Filter>externals</Filter>
    </ClInclude>
  </ItemGroup>
</Project>