// !$*UTF8*$!
{
	archiveVersion = 1;
	classes = {
	};
	objectVersion = 46;
	objects = {

/* Begin PBXBuildFile section */
		C7321BF91D9E718500E58DD8 /* main.m in Sources */ = {isa = PBXBuildFile; fileRef = C7321BF81D9E718500E58DD8 /* main.m */; };
		C7321C0A1D9E718600E58DD8 /* dddTests.m in Sources */ = {isa = PBXBuildFile; fileRef = C7321C091D9E718600E58DD8 /* dddTests.m */; };
		C7321C1F1D9E71AC00E58DD8 /* OpenAL.framework in Frameworks */ = {isa = PBXBuildFile; fileRef = C7321C1E1D9E71AC00E58DD8 /* OpenAL.framework */; };
		C7321C211D9E71B200E58DD8 /* Cocoa.framework in Frameworks */ = {isa = PBXBuildFile; fileRef = C7321C201D9E71B200E58DD8 /* Cocoa.framework */; };
		C78D5D1D1DA8EB6400A55A16 /* ExceptionHandling.framework in Frameworks */ = {isa = PBXBuildFile; fileRef = C78D5D1C1DA8EB6400A55A16 /* ExceptionHandling.framework */; };
		C7C34D401DA023C6007821DA /* eeee.mp4 in Resources */ = {isa = PBXBuildFile; fileRef = C7C34D3F1DA023C6007821DA /* eeee.mp4 */; };
		C7C34D481DA0DDC3007821DA /* ss.mp3 in Resources */ = {isa = PBXBuildFile; fileRef = C7C34D471DA0DDC3007821DA /* ss.mp3 */; };
		C7D80CFA1E27600F00547BC9 /* libbulllord.a in Frameworks */ = {isa = PBXBuildFile; fileRef = C7321C1C1D9E71A300E58DD8 /* libbulllord.a */; };
		C7D80CFD1E27608E00547BC9 /* OpenGL.framework in Frameworks */ = {isa = PBXBuildFile; fileRef = C7D80CFC1E27608E00547BC9 /* OpenGL.framework */; };
		C7D80EFA1E2FE7DA00547BC9 /* test.bsl in Resources */ = {isa = PBXBuildFile; fileRef = C7D80EF91E2FE7DA00547BC9 /* test.bsl */; };
/* End PBXBuildFile section */

/* Begin PBXContainerItemProxy section */
		C7321C041D9E718500E58DD8 /* PBXContainerItemProxy */ = {
			isa = PBXContainerItemProxy;
			containerPortal = C7321BE81D9E718500E58DD8 /* Project object */;
			proxyType = 1;
			remoteGlobalIDString = C7321BEF1D9E718500E58DD8;
			remoteInfo = ddd;
		};
/* End PBXContainerItemProxy section */

/* Begin PBXFileReference section */
		C7321BF01D9E718500E58DD8 /* ddd.app */ = {isa = PBXFileReference; explicitFileType = wrapper.application; includeInIndex = 0; path = ddd.app; sourceTree = BUILT_PRODUCTS_DIR; };
		C7321BF41D9E718500E58DD8 /* Info.plist */ = {isa = PBXFileReference; lastKnownFileType = text.plist.xml; path = Info.plist; sourceTree = "<group>"; };
		C7321BF81D9E718500E58DD8 /* main.m */ = {isa = PBXFileReference; lastKnownFileType = sourcecode.c.objc; path = main.m; sourceTree = "<group>"; };
		C7321C031D9E718500E58DD8 /* dddTests.xctest */ = {isa = PBXFileReference; explicitFileType = wrapper.cfbundle; includeInIndex = 0; path = dddTests.xctest; sourceTree = BUILT_PRODUCTS_DIR; };
		C7321C081D9E718500E58DD8 /* Info.plist */ = {isa = PBXFileReference; lastKnownFileType = text.plist.xml; path = Info.plist; sourceTree = "<group>"; };
		C7321C091D9E718600E58DD8 /* dddTests.m */ = {isa = PBXFileReference; lastKnownFileType = sourcecode.c.objc; path = dddTests.m; sourceTree = "<group>"; };
		C7321C1C1D9E71A300E58DD8 /* libbulllord.a */ = {isa = PBXFileReference; lastKnownFileType = archive.ar; name = libbulllord.a; path = /Users/zhoubo/Documents/BulllordSDK/proj/xcode/../../bin/osx/libbulllord.a; sourceTree = "<absolute>"; };
		C7321C1E1D9E71AC00E58DD8 /* OpenAL.framework */ = {isa = PBXFileReference; lastKnownFileType = wrapper.framework; name = OpenAL.framework; path = System/Library/Frameworks/OpenAL.framework; sourceTree = SDKROOT; };
		C7321C201D9E71B200E58DD8 /* Cocoa.framework */ = {isa = PBXFileReference; lastKnownFileType = wrapper.framework; name = Cocoa.framework; path = System/Library/Frameworks/Cocoa.framework; sourceTree = SDKROOT; };
		C78D5D1C1DA8EB6400A55A16 /* ExceptionHandling.framework */ = {isa = PBXFileReference; lastKnownFileType = wrapper.framework; name = ExceptionHandling.framework; path = System/Library/Frameworks/ExceptionHandling.framework; sourceTree = SDKROOT; };
		C7C34D3F1DA023C6007821DA /* eeee.mp4 */ = {isa = PBXFileReference; lastKnownFileType = file; name = eeee.mp4; path = ../../../samples/sample/eeee.mp4; sourceTree = "<group>"; };
		C7C34D411DA0280A007821DA /* AVFoundation.framework */ = {isa = PBXFileReference; lastKnownFileType = wrapper.framework; name = AVFoundation.framework; path = System/Library/Frameworks/AVFoundation.framework; sourceTree = SDKROOT; };
		C7C34D431DA0280F007821DA /* AVKit.framework */ = {isa = PBXFileReference; lastKnownFileType = wrapper.framework; name = AVKit.framework; path = System/Library/Frameworks/AVKit.framework; sourceTree = SDKROOT; };
		C7C34D451DA04B90007821DA /* CoreMedia.framework */ = {isa = PBXFileReference; lastKnownFileType = wrapper.framework; name = CoreMedia.framework; path = System/Library/Frameworks/CoreMedia.framework; sourceTree = SDKROOT; };
		C7C34D471DA0DDC3007821DA /* ss.mp3 */ = {isa = PBXFileReference; lastKnownFileType = audio.mp3; name = ss.mp3; path = ../../../samples/sample/ss.mp3; sourceTree = "<group>"; };
		C7D80CFC1E27608E00547BC9 /* OpenGL.framework */ = {isa = PBXFileReference; lastKnownFileType = wrapper.framework; name = OpenGL.framework; path = System/Library/Frameworks/OpenGL.framework; sourceTree = SDKROOT; };
		C7D80CFE1E2760E200547BC9 /* AGL.framework */ = {isa = PBXFileReference; lastKnownFileType = wrapper.framework; name = AGL.framework; path = System/Library/Frameworks/AGL.framework; sourceTree = SDKROOT; };
		C7D80D001E2760EE00547BC9 /* GLKit.framework */ = {isa = PBXFileReference; lastKnownFileType = wrapper.framework; name = GLKit.framework; path = System/Library/Frameworks/GLKit.framework; sourceTree = SDKROOT; };
		C7D80D041E27639E00547BC9 /* AppKit.framework */ = {isa = PBXFileReference; lastKnownFileType = wrapper.framework; name = AppKit.framework; path = System/Library/Frameworks/AppKit.framework; sourceTree = SDKROOT; };
		C7D80DA81E280F0900547BC9 /* Foundation.framework */ = {isa = PBXFileReference; lastKnownFileType = wrapper.framework; name = Foundation.framework; path = System/Library/Frameworks/Foundation.framework; sourceTree = SDKROOT; };
		C7D80DAA1E280F0E00547BC9 /* CoreFoundation.framework */ = {isa = PBXFileReference; lastKnownFileType = wrapper.framework; name = CoreFoundation.framework; path = System/Library/Frameworks/CoreFoundation.framework; sourceTree = SDKROOT; };
		C7D80DAC1E280FC600547BC9 /* Carbon.framework */ = {isa = PBXFileReference; lastKnownFileType = wrapper.framework; name = Carbon.framework; path = System/Library/Frameworks/Carbon.framework; sourceTree = SDKROOT; };
		C7D80EF91E2FE7DA00547BC9 /* test.bsl */ = {isa = PBXFileReference; fileEncoding = 4; lastKnownFileType = text.xml; name = test.bsl; path = ../../../samples/sample/test.bsl; sourceTree = "<group>"; };
/* End PBXFileReference section */

/* Begin PBXFrameworksBuildPhase section */
		C7321BED1D9E718500E58DD8 /* Frameworks */ = {
			isa = PBXFrameworksBuildPhase;
			buildActionMask = 2147483647;
			files = (
				C7D80CFD1E27608E00547BC9 /* OpenGL.framework in Frameworks */,
				C7D80CFA1E27600F00547BC9 /* libbulllord.a in Frameworks */,
				C78D5D1D1DA8EB6400A55A16 /* ExceptionHandling.framework in Frameworks */,
				C7321C211D9E71B200E58DD8 /* Cocoa.framework in Frameworks */,
				C7321C1F1D9E71AC00E58DD8 /* OpenAL.framework in Frameworks */,
			);
			runOnlyForDeploymentPostprocessing = 0;
		};
		C7321C001D9E718500E58DD8 /* Frameworks */ = {
			isa = PBXFrameworksBuildPhase;
			buildActionMask = 2147483647;
			files = (
			);
			runOnlyForDeploymentPostprocessing = 0;
		};
/* End PBXFrameworksBuildPhase section */

/* Begin PBXGroup section */
		C7321BE71D9E718500E58DD8 = {
			isa = PBXGroup;
			children = (
				C78D5D1C1DA8EB6400A55A16 /* ExceptionHandling.framework */,
				C7C34D451DA04B90007821DA /* CoreMedia.framework */,
				C7C34D431DA0280F007821DA /* AVKit.framework */,
				C7C34D411DA0280A007821DA /* AVFoundation.framework */,
				C7C34D3E1DA023A6007821DA /* Resources */,
				C7321C201D9E71B200E58DD8 /* Cocoa.framework */,
				C7321C1E1D9E71AC00E58DD8 /* OpenAL.framework */,
				C7321C1C1D9E71A300E58DD8 /* libbulllord.a */,
				C7321BF21D9E718500E58DD8 /* ddd */,
				C7321C061D9E718500E58DD8 /* dddTests */,
				C7321BF11D9E718500E58DD8 /* Products */,
				C7D80CFB1E27608E00547BC9 /* Frameworks */,
			);
			sourceTree = "<group>";
		};
		C7321BF11D9E718500E58DD8 /* Products */ = {
			isa = PBXGroup;
			children = (
				C7321BF01D9E718500E58DD8 /* ddd.app */,
				C7321C031D9E718500E58DD8 /* dddTests.xctest */,
			);
			name = Products;
			sourceTree = "<group>";
		};
		C7321BF21D9E718500E58DD8 /* ddd */ = {
			isa = PBXGroup;
			children = (
				C7321BF31D9E718500E58DD8 /* Supporting Files */,
			);
			path = ddd;
			sourceTree = "<group>";
		};
		C7321BF31D9E718500E58DD8 /* Supporting Files */ = {
			isa = PBXGroup;
			children = (
				C7321BF41D9E718500E58DD8 /* Info.plist */,
				C7321BF81D9E718500E58DD8 /* main.m */,
			);
			name = "Supporting Files";
			sourceTree = "<group>";
		};
		C7321C061D9E718500E58DD8 /* dddTests */ = {
			isa = PBXGroup;
			children = (
				C7321C091D9E718600E58DD8 /* dddTests.m */,
				C7321C071D9E718500E58DD8 /* Supporting Files */,
			);
			path = dddTests;
			sourceTree = "<group>";
		};
		C7321C071D9E718500E58DD8 /* Supporting Files */ = {
			isa = PBXGroup;
			children = (
				C7321C081D9E718500E58DD8 /* Info.plist */,
			);
			name = "Supporting Files";
			sourceTree = "<group>";
		};
		C7C34D3E1DA023A6007821DA /* Resources */ = {
			isa = PBXGroup;
			children = (
				C7D80EF91E2FE7DA00547BC9 /* test.bsl */,
				C7C34D471DA0DDC3007821DA /* ss.mp3 */,
				C7C34D3F1DA023C6007821DA /* eeee.mp4 */,
			);
			name = Resources;
			sourceTree = "<group>";
		};
		C7D80CFB1E27608E00547BC9 /* Frameworks */ = {
			isa = PBXGroup;
			children = (
				C7D80DAC1E280FC600547BC9 /* Carbon.framework */,
				C7D80DAA1E280F0E00547BC9 /* CoreFoundation.framework */,
				C7D80DA81E280F0900547BC9 /* Foundation.framework */,
				C7D80D041E27639E00547BC9 /* AppKit.framework */,
				C7D80D001E2760EE00547BC9 /* GLKit.framework */,
				C7D80CFE1E2760E200547BC9 /* AGL.framework */,
				C7D80CFC1E27608E00547BC9 /* OpenGL.framework */,
			);
			name = Frameworks;
			sourceTree = "<group>";
		};
/* End PBXGroup section */

/* Begin PBXNativeTarget section */
		C7321BEF1D9E718500E58DD8 /* ddd */ = {
			isa = PBXNativeTarget;
			buildConfigurationList = C7321C0D1D9E718600E58DD8 /* Build configuration list for PBXNativeTarget "ddd" */;
			buildPhases = (
				C7321BEC1D9E718500E58DD8 /* Sources */,
				C7321BED1D9E718500E58DD8 /* Frameworks */,
				C7321BEE1D9E718500E58DD8 /* Resources */,
			);
			buildRules = (
			);
			dependencies = (
			);
			name = ddd;
			productName = ddd;
			productReference = C7321BF01D9E718500E58DD8 /* ddd.app */;
			productType = "com.apple.product-type.application";
		};
		C7321C021D9E718500E58DD8 /* dddTests */ = {
			isa = PBXNativeTarget;
			buildConfigurationList = C7321C101D9E718600E58DD8 /* Build configuration list for PBXNativeTarget "dddTests" */;
			buildPhases = (
				C7321BFF1D9E718500E58DD8 /* Sources */,
				C7321C001D9E718500E58DD8 /* Frameworks */,
				C7321C011D9E718500E58DD8 /* Resources */,
			);
			buildRules = (
			);
			dependencies = (
				C7321C051D9E718500E58DD8 /* PBXTargetDependency */,
			);
			name = dddTests;
			productName = dddTests;
			productReference = C7321C031D9E718500E58DD8 /* dddTests.xctest */;
			productType = "com.apple.product-type.bundle.unit-test";
		};
/* End PBXNativeTarget section */

/* Begin PBXProject section */
		C7321BE81D9E718500E58DD8 /* Project object */ = {
			isa = PBXProject;
			attributes = {
				LastUpgradeCheck = 0620;
				ORGANIZATIONNAME = trix;
				TargetAttributes = {
					C7321BEF1D9E718500E58DD8 = {
						CreatedOnToolsVersion = 6.2;
					};
					C7321C021D9E718500E58DD8 = {
						CreatedOnToolsVersion = 6.2;
						TestTargetID = C7321BEF1D9E718500E58DD8;
					};
				};
			};
			buildConfigurationList = C7321BEB1D9E718500E58DD8 /* Build configuration list for PBXProject "ddd" */;
			compatibilityVersion = "Xcode 3.2";
			developmentRegion = English;
			hasScannedForEncodings = 0;
			knownRegions = (
				en,
				Base,
			);
			mainGroup = C7321BE71D9E718500E58DD8;
			productRefGroup = C7321BF11D9E718500E58DD8 /* Products */;
			projectDirPath = "";
			projectRoot = "";
			targets = (
				C7321BEF1D9E718500E58DD8 /* ddd */,
				C7321C021D9E718500E58DD8 /* dddTests */,
			);
		};
/* End PBXProject section */

/* Begin PBXResourcesBuildPhase section */
		C7321BEE1D9E718500E58DD8 /* Resources */ = {
			isa = PBXResourcesBuildPhase;
			buildActionMask = 2147483647;
			files = (
				C7C34D481DA0DDC3007821DA /* ss.mp3 in Resources */,
				C7D80EFA1E2FE7DA00547BC9 /* test.bsl in Resources */,
				C7C34D401DA023C6007821DA /* eeee.mp4 in Resources */,
			);
			runOnlyForDeploymentPostprocessing = 0;
		};
		C7321C011D9E718500E58DD8 /* Resources */ = {
			isa = PBXResourcesBuildPhase;
			buildActionMask = 2147483647;
			files = (
			);
			runOnlyForDeploymentPostprocessing = 0;
		};
/* End PBXResourcesBuildPhase section */

/* Begin PBXSourcesBuildPhase section */
		C7321BEC1D9E718500E58DD8 /* Sources */ = {
			isa = PBXSourcesBuildPhase;
			buildActionMask = 2147483647;
			files = (
				C7321BF91D9E718500E58DD8 /* main.m in Sources */,
			);
			runOnlyForDeploymentPostprocessing = 0;
		};
		C7321BFF1D9E718500E58DD8 /* Sources */ = {
			isa = PBXSourcesBuildPhase;
			buildActionMask = 2147483647;
			files = (
				C7321C0A1D9E718600E58DD8 /* dddTests.m in Sources */,
			);
			runOnlyForDeploymentPostprocessing = 0;
		};
/* End PBXSourcesBuildPhase section */

/* Begin PBXTargetDependency section */
		C7321C051D9E718500E58DD8 /* PBXTargetDependency */ = {
			isa = PBXTargetDependency;
			target = C7321BEF1D9E718500E58DD8 /* ddd */;
			targetProxy = C7321C041D9E718500E58DD8 /* PBXContainerItemProxy */;
		};
/* End PBXTargetDependency section */

/* Begin XCBuildConfiguration section */
		C7321C0B1D9E718600E58DD8 /* Debug */ = {
			isa = XCBuildConfiguration;
			buildSettings = {
				ALWAYS_SEARCH_USER_PATHS = NO;
				CLANG_CXX_LANGUAGE_STANDARD = "gnu++0x";
				CLANG_CXX_LIBRARY = "libc++";
				CLANG_ENABLE_MODULES = YES;
				CLANG_ENABLE_OBJC_ARC = YES;
				CLANG_WARN_BOOL_CONVERSION = YES;
				CLANG_WARN_CONSTANT_CONVERSION = YES;
				CLANG_WARN_DIRECT_OBJC_ISA_USAGE = YES_ERROR;
				CLANG_WARN_EMPTY_BODY = YES;
				CLANG_WARN_ENUM_CONVERSION = YES;
				CLANG_WARN_INT_CONVERSION = YES;
				CLANG_WARN_OBJC_ROOT_CLASS = YES_ERROR;
				CLANG_WARN_UNREACHABLE_CODE = YES;
				CLANG_WARN__DUPLICATE_METHOD_MATCH = YES;
				CODE_SIGN_IDENTITY = "-";
				COPY_PHASE_STRIP = NO;
				ENABLE_STRICT_OBJC_MSGSEND = YES;
				GCC_C_LANGUAGE_STANDARD = gnu99;
				GCC_DYNAMIC_NO_PIC = NO;
				GCC_OPTIMIZATION_LEVEL = 0;
				GCC_PREPROCESSOR_DEFINITIONS = (
					"DEBUG=1",
					"$(inherited)",
				);
				GCC_SYMBOLS_PRIVATE_EXTERN = NO;
				GCC_WARN_64_TO_32_BIT_CONVERSION = YES;
				GCC_WARN_ABOUT_RETURN_TYPE = YES_ERROR;
				GCC_WARN_UNDECLARED_SELECTOR = YES;
				GCC_WARN_UNINITIALIZED_AUTOS = YES_AGGRESSIVE;
				GCC_WARN_UNUSED_FUNCTION = YES;
				GCC_WARN_UNUSED_VARIABLE = YES;
				MACOSX_DEPLOYMENT_TARGET = 10.9;
				MTL_ENABLE_DEBUG_INFO = YES;
				ONLY_ACTIVE_ARCH = YES;
				SDKROOT = macosx;
			};
			name = Debug;
		};
		C7321C0C1D9E718600E58DD8 /* Release */ = {
			isa = XCBuildConfiguration;
			buildSettings = {
				ALWAYS_SEARCH_USER_PATHS = NO;
				CLANG_CXX_LANGUAGE_STANDARD = "gnu++0x";
				CLANG_CXX_LIBRARY = "libc++";
				CLANG_ENABLE_MODULES = YES;
				CLANG_ENABLE_OBJC_ARC = YES;
				CLANG_WARN_BOOL_CONVERSION = YES;
				CLANG_WARN_CONSTANT_CONVERSION = YES;
				CLANG_WARN_DIRECT_OBJC_ISA_USAGE = YES_ERROR;
				CLANG_WARN_EMPTY_BODY = YES;
				CLANG_WARN_ENUM_CONVERSION = YES;
				CLANG_WARN_INT_CONVERSION = YES;
				CLANG_WARN_OBJC_ROOT_CLASS = YES_ERROR;
				CLANG_WARN_UNREACHABLE_CODE = YES;
				CLANG_WARN__DUPLICATE_METHOD_MATCH = YES;
				CODE_SIGN_IDENTITY = "-";
				COPY_PHASE_STRIP = NO;
				DEBUG_INFORMATION_FORMAT = "dwarf-with-dsym";
				ENABLE_NS_ASSERTIONS = NO;
				ENABLE_STRICT_OBJC_MSGSEND = YES;
				GCC_C_LANGUAGE_STANDARD = gnu99;
				GCC_WARN_64_TO_32_BIT_CONVERSION = YES;
				GCC_WARN_ABOUT_RETURN_TYPE = YES_ERROR;
				GCC_WARN_UNDECLARED_SELECTOR = YES;
				GCC_WARN_UNINITIALIZED_AUTOS = YES_AGGRESSIVE;
				GCC_WARN_UNUSED_FUNCTION = YES;
				GCC_WARN_UNUSED_VARIABLE = YES;
				MACOSX_DEPLOYMENT_TARGET = 10.9;
				MTL_ENABLE_DEBUG_INFO = NO;
				SDKROOT = macosx;
			};
			name = Release;
		};
		C7321C0E1D9E718600E58DD8 /* Debug */ = {
			isa = XCBuildConfiguration;
			buildSettings = {
				ASSETCATALOG_COMPILER_APPICON_NAME = AppIcon;
				COMBINE_HIDPI_IMAGES = YES;
				INFOPLIST_FILE = ddd/Info.plist;
				LD_RUNPATH_SEARCH_PATHS = "$(inherited) @executable_path/../Frameworks";
				LIBRARY_SEARCH_PATHS = (
					"$(inherited)",
					/Users/zhoubo/Documents/BulllordSDK/proj/xcode/../../bin/osx,
				);
				PRODUCT_NAME = "$(TARGET_NAME)";
			};
			name = Debug;
		};
		C7321C0F1D9E718600E58DD8 /* Release */ = {
			isa = XCBuildConfiguration;
			buildSettings = {
				ASSETCATALOG_COMPILER_APPICON_NAME = AppIcon;
				COMBINE_HIDPI_IMAGES = YES;
				INFOPLIST_FILE = ddd/Info.plist;
				LD_RUNPATH_SEARCH_PATHS = "$(inherited) @executable_path/../Frameworks";
				LIBRARY_SEARCH_PATHS = (
					"$(inherited)",
					/Users/zhoubo/Documents/BulllordSDK/proj/xcode/../../bin/osx,
				);
				PRODUCT_NAME = "$(TARGET_NAME)";
			};
			name = Release;
		};
		C7321C111D9E718600E58DD8 /* Debug */ = {
			isa = XCBuildConfiguration;
			buildSettings = {
				BUNDLE_LOADER = "$(TEST_HOST)";
				COMBINE_HIDPI_IMAGES = YES;
				FRAMEWORK_SEARCH_PATHS = (
					"$(DEVELOPER_FRAMEWORKS_DIR)",
					"$(inherited)",
				);
				GCC_PREPROCESSOR_DEFINITIONS = (
					"DEBUG=1",
					"$(inherited)",
				);
				INFOPLIST_FILE = dddTests/Info.plist;
				LD_RUNPATH_SEARCH_PATHS = "$(inherited) @executable_path/../Frameworks @loader_path/../Frameworks";
				PRODUCT_NAME = "$(TARGET_NAME)";
				TEST_HOST = "$(BUILT_PRODUCTS_DIR)/ddd.app/Contents/MacOS/ddd";
			};
			name = Debug;
		};
		C7321C121D9E718600E58DD8 /* Release */ = {
			isa = XCBuildConfiguration;
			buildSettings = {
				BUNDLE_LOADER = "$(TEST_HOST)";
				COMBINE_HIDPI_IMAGES = YES;
				FRAMEWORK_SEARCH_PATHS = (
					"$(DEVELOPER_FRAMEWORKS_DIR)",
					"$(inherited)",
				);
				INFOPLIST_FILE = dddTests/Info.plist;
				LD_RUNPATH_SEARCH_PATHS = "$(inherited) @executable_path/../Frameworks @loader_path/../Frameworks";
				PRODUCT_NAME = "$(TARGET_NAME)";
				TEST_HOST = "$(BUILT_PRODUCTS_DIR)/ddd.app/Contents/MacOS/ddd";
			};
			name = Release;
		};
/* End XCBuildConfiguration section */

/* Begin XCConfigurationList section */
		C7321BEB1D9E718500E58DD8 /* Build configuration list for PBXProject "ddd" */ = {
			isa = XCConfigurationList;
			buildConfigurations = (
				C7321C0B1D9E718600E58DD8 /* Debug */,
				C7321C0C1D9E718600E58DD8 /* Release */,
			);
			defaultConfigurationIsVisible = 0;
			defaultConfigurationName = Release;
		};
		C7321C0D1D9E718600E58DD8 /* Build configuration list for PBXNativeTarget "ddd" */ = {
			isa = XCConfigurationList;
			buildConfigurations = (
				C7321C0E1D9E718600E58DD8 /* Debug */,
				C7321C0F1D9E718600E58DD8 /* Release */,
			);
			defaultConfigurationIsVisible = 0;
			defaultConfigurationName = Release;
		};
		C7321C101D9E718600E58DD8 /* Build configuration list for PBXNativeTarget "dddTests" */ = {
			isa = XCConfigurationList;
			buildConfigurations = (
				C7321C111D9E718600E58DD8 /* Debug */,
				C7321C121D9E718600E58DD8 /* Release */,
			);
			defaultConfigurationIsVisible = 0;
			defaultConfigurationName = Release;
		};
/* End XCConfigurationList section */
	};
	rootObject = C7321BE81D9E718500E58DD8 /* Project object */;
}
