
Microsoft Visual Studio Solution File, Format Version 12.00
# Visual Studio 14
VisualStudioVersion = 14.0.25420.1
MinimumVisualStudioVersion = 10.0.40219.1
Project("{2150E333-8FDC-42A3-9474-1A3956D46DE8}") = "uwp", "uwp", "{58AC8475-2D25-4FCC-B104-D8DAAB0EAAD9}"
EndProject
Project("{2150E333-8FDC-42A3-9474-1A3956D46DE8}") = "win32", "win32", "{E9537625-D758-42DD-AD41-574D63CCC6BC}"
EndProject
Project("{8BC9CEB8-8B4A-11D0-8D11-00A0C91BC942}") = "bulllord-win32", "bulllord-win32.vcxproj", "{73315F9D-D08C-4B87-A627-32631750BECE}"
EndProject
Project("{8BC9CEB8-8B4A-11D0-8D11-00A0C91BC942}") = "bulllord-uwp", "bulllord-uwp.vcxproj", "{F6595DAA-17B5-4CD5-A82B-20CDC58435A7}"
EndProject
Project("{8BC9CEB8-8B4A-11D0-8D11-00A0C91BC942}") = "sample", "..\..\samples\sample\sample.vcxproj", "{F63CAC8E-F5C9-4488-BF40-741BEEAE9B6B}"
	ProjectSection(ProjectDependencies) = postProject
		{73315F9D-D08C-4B87-A627-32631750BECE} = {73315F9D-D08C-4B87-A627-32631750BECE}
	EndProjectSection
EndProject
Project("{2150E333-8FDC-42A3-9474-1A3956D46DE8}") = "plugins", "plugins", "{F90A47CC-D1A2-4FB7-A2B7-D133487ED104}"
EndProject
Project("{2150E333-8FDC-42A3-9474-1A3956D46DE8}") = "win32", "win32", "{990AD556-64B0-4EEE-B63E-FC9A5C3B9AEA}"
EndProject
Project("{2150E333-8FDC-42A3-9474-1A3956D46DE8}") = "uwp", "uwp", "{7C7FA387-D9F6-40CB-888C-318984C5EC3C}"
EndProject
Project("{8BC9CEB8-8B4A-11D0-8D11-00A0C91BC942}") = "tmx-win32", "..\..\plugins\tmx\tmx-win32.vcxproj", "{2A5CE4CB-B260-47A3-AB79-C5053AEE7377}"
	ProjectSection(ProjectDependencies) = postProject
		{73315F9D-D08C-4B87-A627-32631750BECE} = {73315F9D-D08C-4B87-A627-32631750BECE}
	EndProjectSection
EndProject
Project("{8BC9CEB8-8B4A-11D0-8D11-00A0C91BC942}") = "tmx-uwp", "..\..\plugins\tmx\tmx-uwp.vcxproj", "{978DFD98-A626-445B-8D95-BA5694FEE50D}"
	ProjectSection(ProjectDependencies) = postProject
		{F6595DAA-17B5-4CD5-A82B-20CDC58435A7} = {F6595DAA-17B5-4CD5-A82B-20CDC58435A7}
	EndProjectSection
EndProject
Project("{8BC9CEB8-8B4A-11D0-8D11-00A0C91BC942}") = "sample2", "..\..\samples\sample2\sample2.vcxproj", "{E24D06A1-684C-4C62-AA94-53B9827F003A}"
	ProjectSection(ProjectDependencies) = postProject
		{6CAD9685-F328-4C53-9C20-7E9F780ECA7B} = {6CAD9685-F328-4C53-9C20-7E9F780ECA7B}
		{73315F9D-D08C-4B87-A627-32631750BECE} = {73315F9D-D08C-4B87-A627-32631750BECE}
		{2A5CE4CB-B260-47A3-AB79-C5053AEE7377} = {2A5CE4CB-B260-47A3-AB79-C5053AEE7377}
	EndProjectSection
EndProject
Project("{8BC9CEB8-8B4A-11D0-8D11-00A0C91BC942}") = "spine-win32", "..\..\plugins\spine\spine-win32.vcxproj", "{6CAD9685-F328-4C53-9C20-7E9F780ECA7B}"
EndProject
Project("{8BC9CEB8-8B4A-11D0-8D11-00A0C91BC942}") = "spine-uwp", "..\..\plugins\spine\spine-uwp.vcxproj", "{48E0C7EC-7FEE-4A57-8244-F0F87D90CC3A}"
EndProject
Project("{8BC9CEB8-8B4A-11D0-8D11-00A0C91BC942}") = "sample3", "..\..\samples\sample3\sample3.vcxproj", "{9A8F3A2D-ED17-41B7-ACCA-D0B6DE8FF717}"
	ProjectSection(ProjectDependencies) = postProject
		{6CAD9685-F328-4C53-9C20-7E9F780ECA7B} = {6CAD9685-F328-4C53-9C20-7E9F780ECA7B}
	EndProjectSection
EndProject
Global
	GlobalSection(Performance) = preSolution
		HasPerformanceSessions = true
	EndGlobalSection
	GlobalSection(SolutionConfigurationPlatforms) = preSolution
		Debug|Any CPU = Debug|Any CPU
		Debug|ARM = Debug|ARM
		Debug|x64 = Debug|x64
		Debug|x86 = Debug|x86
		Release|Any CPU = Release|Any CPU
		Release|ARM = Release|ARM
		Release|x64 = Release|x64
		Release|x86 = Release|x86
	EndGlobalSection
	GlobalSection(ProjectConfigurationPlatforms) = postSolution
		{73315F9D-D08C-4B87-A627-32631750BECE}.Debug|Any CPU.ActiveCfg = Debug|Win32
		{73315F9D-D08C-4B87-A627-32631750BECE}.Debug|ARM.ActiveCfg = Debug|Win32
		{73315F9D-D08C-4B87-A627-32631750BECE}.Debug|x64.ActiveCfg = Debug|x64
		{73315F9D-D08C-4B87-A627-32631750BECE}.Debug|x64.Build.0 = Debug|x64
		{73315F9D-D08C-4B87-A627-32631750BECE}.Debug|x86.ActiveCfg = Debug|Win32
		{73315F9D-D08C-4B87-A627-32631750BECE}.Debug|x86.Build.0 = Debug|Win32
		{73315F9D-D08C-4B87-A627-32631750BECE}.Release|Any CPU.ActiveCfg = Release|Win32
		{73315F9D-D08C-4B87-A627-32631750BECE}.Release|ARM.ActiveCfg = Release|Win32
		{73315F9D-D08C-4B87-A627-32631750BECE}.Release|x64.ActiveCfg = Release|x64
		{73315F9D-D08C-4B87-A627-32631750BECE}.Release|x64.Build.0 = Release|x64
		{73315F9D-D08C-4B87-A627-32631750BECE}.Release|x86.ActiveCfg = Release|Win32
		{73315F9D-D08C-4B87-A627-32631750BECE}.Release|x86.Build.0 = Release|Win32
		{F6595DAA-17B5-4CD5-A82B-20CDC58435A7}.Debug|Any CPU.ActiveCfg = Debug|Win32
		{F6595DAA-17B5-4CD5-A82B-20CDC58435A7}.Debug|ARM.ActiveCfg = Debug|ARM
		{F6595DAA-17B5-4CD5-A82B-20CDC58435A7}.Debug|ARM.Build.0 = Debug|ARM
		{F6595DAA-17B5-4CD5-A82B-20CDC58435A7}.Debug|x64.ActiveCfg = Debug|x64
		{F6595DAA-17B5-4CD5-A82B-20CDC58435A7}.Debug|x64.Build.0 = Debug|x64
		{F6595DAA-17B5-4CD5-A82B-20CDC58435A7}.Debug|x86.ActiveCfg = Debug|Win32
		{F6595DAA-17B5-4CD5-A82B-20CDC58435A7}.Debug|x86.Build.0 = Debug|Win32
		{F6595DAA-17B5-4CD5-A82B-20CDC58435A7}.Release|Any CPU.ActiveCfg = Release|Win32
		{F6595DAA-17B5-4CD5-A82B-20CDC58435A7}.Release|ARM.ActiveCfg = Release|ARM
		{F6595DAA-17B5-4CD5-A82B-20CDC58435A7}.Release|ARM.Build.0 = Release|ARM
		{F6595DAA-17B5-4CD5-A82B-20CDC58435A7}.Release|x64.ActiveCfg = Release|x64
		{F6595DAA-17B5-4CD5-A82B-20CDC58435A7}.Release|x64.Build.0 = Release|x64
		{F6595DAA-17B5-4CD5-A82B-20CDC58435A7}.Release|x86.ActiveCfg = Release|Win32
		{F6595DAA-17B5-4CD5-A82B-20CDC58435A7}.Release|x86.Build.0 = Release|Win32
		{F63CAC8E-F5C9-4488-BF40-741BEEAE9B6B}.Debug|Any CPU.ActiveCfg = Debug|Win32
		{F63CAC8E-F5C9-4488-BF40-741BEEAE9B6B}.Debug|ARM.ActiveCfg = Debug|Win32
		{F63CAC8E-F5C9-4488-BF40-741BEEAE9B6B}.Debug|x64.ActiveCfg = Debug|x64
		{F63CAC8E-F5C9-4488-BF40-741BEEAE9B6B}.Debug|x64.Build.0 = Debug|x64
		{F63CAC8E-F5C9-4488-BF40-741BEEAE9B6B}.Debug|x86.ActiveCfg = Debug|Win32
		{F63CAC8E-F5C9-4488-BF40-741BEEAE9B6B}.Debug|x86.Build.0 = Debug|Win32
		{F63CAC8E-F5C9-4488-BF40-741BEEAE9B6B}.Release|Any CPU.ActiveCfg = Release|Win32
		{F63CAC8E-F5C9-4488-BF40-741BEEAE9B6B}.Release|ARM.ActiveCfg = Release|Win32
		{F63CAC8E-F5C9-4488-BF40-741BEEAE9B6B}.Release|x64.ActiveCfg = Release|x64
		{F63CAC8E-F5C9-4488-BF40-741BEEAE9B6B}.Release|x64.Build.0 = Release|x64
		{F63CAC8E-F5C9-4488-BF40-741BEEAE9B6B}.Release|x86.ActiveCfg = Release|Win32
		{F63CAC8E-F5C9-4488-BF40-741BEEAE9B6B}.Release|x86.Build.0 = Release|Win32
		{2A5CE4CB-B260-47A3-AB79-C5053AEE7377}.Debug|Any CPU.ActiveCfg = Debug|Win32
		{2A5CE4CB-B260-47A3-AB79-C5053AEE7377}.Debug|ARM.ActiveCfg = Debug|Win32
		{2A5CE4CB-B260-47A3-AB79-C5053AEE7377}.Debug|x64.ActiveCfg = Debug|x64
		{2A5CE4CB-B260-47A3-AB79-C5053AEE7377}.Debug|x64.Build.0 = Debug|x64
		{2A5CE4CB-B260-47A3-AB79-C5053AEE7377}.Debug|x86.ActiveCfg = Debug|Win32
		{2A5CE4CB-B260-47A3-AB79-C5053AEE7377}.Debug|x86.Build.0 = Debug|Win32
		{2A5CE4CB-B260-47A3-AB79-C5053AEE7377}.Release|Any CPU.ActiveCfg = Release|Win32
		{2A5CE4CB-B260-47A3-AB79-C5053AEE7377}.Release|ARM.ActiveCfg = Release|Win32
		{2A5CE4CB-B260-47A3-AB79-C5053AEE7377}.Release|x64.ActiveCfg = Release|x64
		{2A5CE4CB-B260-47A3-AB79-C5053AEE7377}.Release|x64.Build.0 = Release|x64
		{2A5CE4CB-B260-47A3-AB79-C5053AEE7377}.Release|x86.ActiveCfg = Release|Win32
		{2A5CE4CB-B260-47A3-AB79-C5053AEE7377}.Release|x86.Build.0 = Release|Win32
		{978DFD98-A626-445B-8D95-BA5694FEE50D}.Debug|Any CPU.ActiveCfg = Debug|Win32
		{978DFD98-A626-445B-8D95-BA5694FEE50D}.Debug|ARM.ActiveCfg = Debug|ARM
		{978DFD98-A626-445B-8D95-BA5694FEE50D}.Debug|ARM.Build.0 = Debug|ARM
		{978DFD98-A626-445B-8D95-BA5694FEE50D}.Debug|x64.ActiveCfg = Debug|x64
		{978DFD98-A626-445B-8D95-BA5694FEE50D}.Debug|x64.Build.0 = Debug|x64
		{978DFD98-A626-445B-8D95-BA5694FEE50D}.Debug|x86.ActiveCfg = Debug|Win32
		{978DFD98-A626-445B-8D95-BA5694FEE50D}.Debug|x86.Build.0 = Debug|Win32
		{978DFD98-A626-445B-8D95-BA5694FEE50D}.Release|Any CPU.ActiveCfg = Release|Win32
		{978DFD98-A626-445B-8D95-BA5694FEE50D}.Release|ARM.ActiveCfg = Release|ARM
		{978DFD98-A626-445B-8D95-BA5694FEE50D}.Release|ARM.Build.0 = Release|ARM
		{978DFD98-A626-445B-8D95-BA5694FEE50D}.Release|x64.ActiveCfg = Release|x64
		{978DFD98-A626-445B-8D95-BA5694FEE50D}.Release|x64.Build.0 = Release|x64
		{978DFD98-A626-445B-8D95-BA5694FEE50D}.Release|x86.ActiveCfg = Release|Win32
		{978DFD98-A626-445B-8D95-BA5694FEE50D}.Release|x86.Build.0 = Release|Win32
		{E24D06A1-684C-4C62-AA94-53B9827F003A}.Debug|Any CPU.ActiveCfg = Debug|Win32
		{E24D06A1-684C-4C62-AA94-53B9827F003A}.Debug|ARM.ActiveCfg = Debug|Win32
		{E24D06A1-684C-4C62-AA94-53B9827F003A}.Debug|x64.ActiveCfg = Debug|x64
		{E24D06A1-684C-4C62-AA94-53B9827F003A}.Debug|x64.Build.0 = Debug|x64
		{E24D06A1-684C-4C62-AA94-53B9827F003A}.Debug|x86.ActiveCfg = Debug|Win32
		{E24D06A1-684C-4C62-AA94-53B9827F003A}.Debug|x86.Build.0 = Debug|Win32
		{E24D06A1-684C-4C62-AA94-53B9827F003A}.Release|Any CPU.ActiveCfg = Release|Win32
		{E24D06A1-684C-4C62-AA94-53B9827F003A}.Release|ARM.ActiveCfg = Release|Win32
		{E24D06A1-684C-4C62-AA94-53B9827F003A}.Release|x64.ActiveCfg = Release|x64
		{E24D06A1-684C-4C62-AA94-53B9827F003A}.Release|x64.Build.0 = Release|x64
		{E24D06A1-684C-4C62-AA94-53B9827F003A}.Release|x86.ActiveCfg = Release|Win32
		{E24D06A1-684C-4C62-AA94-53B9827F003A}.Release|x86.Build.0 = Release|Win32
		{6CAD9685-F328-4C53-9C20-7E9F780ECA7B}.Debug|Any CPU.ActiveCfg = Debug|Win32
		{6CAD9685-F328-4C53-9C20-7E9F780ECA7B}.Debug|ARM.ActiveCfg = Debug|Win32
		{6CAD9685-F328-4C53-9C20-7E9F780ECA7B}.Debug|x64.ActiveCfg = Debug|x64
		{6CAD9685-F328-4C53-9C20-7E9F780ECA7B}.Debug|x64.Build.0 = Debug|x64
		{6CAD9685-F328-4C53-9C20-7E9F780ECA7B}.Debug|x86.ActiveCfg = Debug|Win32
		{6CAD9685-F328-4C53-9C20-7E9F780ECA7B}.Debug|x86.Build.0 = Debug|Win32
		{6CAD9685-F328-4C53-9C20-7E9F780ECA7B}.Release|Any CPU.ActiveCfg = Release|Win32
		{6CAD9685-F328-4C53-9C20-7E9F780ECA7B}.Release|ARM.ActiveCfg = Release|Win32
		{6CAD9685-F328-4C53-9C20-7E9F780ECA7B}.Release|x64.ActiveCfg = Release|x64
		{6CAD9685-F328-4C53-9C20-7E9F780ECA7B}.Release|x64.Build.0 = Release|x64
		{6CAD9685-F328-4C53-9C20-7E9F780ECA7B}.Release|x86.ActiveCfg = Release|Win32
		{6CAD9685-F328-4C53-9C20-7E9F780ECA7B}.Release|x86.Build.0 = Release|Win32
		{48E0C7EC-7FEE-4A57-8244-F0F87D90CC3A}.Debug|Any CPU.ActiveCfg = Debug|Win32
		{48E0C7EC-7FEE-4A57-8244-F0F87D90CC3A}.Debug|ARM.ActiveCfg = Debug|ARM
		{48E0C7EC-7FEE-4A57-8244-F0F87D90CC3A}.Debug|ARM.Build.0 = Debug|ARM
		{48E0C7EC-7FEE-4A57-8244-F0F87D90CC3A}.Debug|x64.ActiveCfg = Debug|x64
		{48E0C7EC-7FEE-4A57-8244-F0F87D90CC3A}.Debug|x64.Build.0 = Debug|x64
		{48E0C7EC-7FEE-4A57-8244-F0F87D90CC3A}.Debug|x86.ActiveCfg = Debug|Win32
		{48E0C7EC-7FEE-4A57-8244-F0F87D90CC3A}.Debug|x86.Build.0 = Debug|Win32
		{48E0C7EC-7FEE-4A57-8244-F0F87D90CC3A}.Release|Any CPU.ActiveCfg = Release|Win32
		{48E0C7EC-7FEE-4A57-8244-F0F87D90CC3A}.Release|ARM.ActiveCfg = Release|ARM
		{48E0C7EC-7FEE-4A57-8244-F0F87D90CC3A}.Release|ARM.Build.0 = Release|ARM
		{48E0C7EC-7FEE-4A57-8244-F0F87D90CC3A}.Release|x64.ActiveCfg = Release|x64
		{48E0C7EC-7FEE-4A57-8244-F0F87D90CC3A}.Release|x64.Build.0 = Release|x64
		{48E0C7EC-7FEE-4A57-8244-F0F87D90CC3A}.Release|x86.ActiveCfg = Release|Win32
		{48E0C7EC-7FEE-4A57-8244-F0F87D90CC3A}.Release|x86.Build.0 = Release|Win32
		{9A8F3A2D-ED17-41B7-ACCA-D0B6DE8FF717}.Debug|Any CPU.ActiveCfg = Debug|Win32
		{9A8F3A2D-ED17-41B7-ACCA-D0B6DE8FF717}.Debug|ARM.ActiveCfg = Debug|Win32
		{9A8F3A2D-ED17-41B7-ACCA-D0B6DE8FF717}.Debug|x64.ActiveCfg = Debug|x64
		{9A8F3A2D-ED17-41B7-ACCA-D0B6DE8FF717}.Debug|x64.Build.0 = Debug|x64
		{9A8F3A2D-ED17-41B7-ACCA-D0B6DE8FF717}.Debug|x86.ActiveCfg = Debug|Win32
		{9A8F3A2D-ED17-41B7-ACCA-D0B6DE8FF717}.Debug|x86.Build.0 = Debug|Win32
		{9A8F3A2D-ED17-41B7-ACCA-D0B6DE8FF717}.Release|Any CPU.ActiveCfg = Release|Win32
		{9A8F3A2D-ED17-41B7-ACCA-D0B6DE8FF717}.Release|ARM.ActiveCfg = Release|Win32
		{9A8F3A2D-ED17-41B7-ACCA-D0B6DE8FF717}.Release|x64.ActiveCfg = Release|x64
		{9A8F3A2D-ED17-41B7-ACCA-D0B6DE8FF717}.Release|x64.Build.0 = Release|x64
		{9A8F3A2D-ED17-41B7-ACCA-D0B6DE8FF717}.Release|x86.ActiveCfg = Release|Win32
		{9A8F3A2D-ED17-41B7-ACCA-D0B6DE8FF717}.Release|x86.Build.0 = Release|Win32
	EndGlobalSection
	GlobalSection(SolutionProperties) = preSolution
		HideSolutionNode = FALSE
	EndGlobalSection
	GlobalSection(NestedProjects) = preSolution
		{73315F9D-D08C-4B87-A627-32631750BECE} = {E9537625-D758-42DD-AD41-574D63CCC6BC}
		{F6595DAA-17B5-4CD5-A82B-20CDC58435A7} = {58AC8475-2D25-4FCC-B104-D8DAAB0EAAD9}
		{990AD556-64B0-4EEE-B63E-FC9A5C3B9AEA} = {F90A47CC-D1A2-4FB7-A2B7-D133487ED104}
		{7C7FA387-D9F6-40CB-888C-318984C5EC3C} = {F90A47CC-D1A2-4FB7-A2B7-D133487ED104}
		{2A5CE4CB-B260-47A3-AB79-C5053AEE7377} = {990AD556-64B0-4EEE-B63E-FC9A5C3B9AEA}
		{978DFD98-A626-445B-8D95-BA5694FEE50D} = {7C7FA387-D9F6-40CB-888C-318984C5EC3C}
		{6CAD9685-F328-4C53-9C20-7E9F780ECA7B} = {990AD556-64B0-4EEE-B63E-FC9A5C3B9AEA}
		{48E0C7EC-7FEE-4A57-8244-F0F87D90CC3A} = {7C7FA387-D9F6-40CB-888C-318984C5EC3C}
	EndGlobalSection
EndGlobal
